// !$*UTF8*$!
{
	archiveVersion = 1;
	classes = {
	};
	objectVersion = 48;
	objects = {

/* Begin PBXBuildFile section */
		FE67C4D8200B0B3200832688 /* AppDelegate.swift in Sources */ = {isa = PBXBuildFile; fileRef = FE67C4D7200B0B3200832688 /* AppDelegate.swift */; };
		FE67C4DA200B0B3200832688 /* ViewController.swift in Sources */ = {isa = PBXBuildFile; fileRef = FE67C4D9200B0B3200832688 /* ViewController.swift */; };
		FE67C4DD200B0B3200832688 /* Main.storyboard in Resources */ = {isa = PBXBuildFile; fileRef = FE67C4DB200B0B3200832688 /* Main.storyboard */; };
		FE67C4DF200B0B3200832688 /* Assets.xcassets in Resources */ = {isa = PBXBuildFile; fileRef = FE67C4DE200B0B3200832688 /* Assets.xcassets */; };
		FE67C4E2200B0B3200832688 /* LaunchScreen.storyboard in Resources */ = {isa = PBXBuildFile; fileRef = FE67C4E0200B0B3200832688 /* LaunchScreen.storyboard */; };
		FE67C4EB200BC2A200832688 /* Card.swift in Sources */ = {isa = PBXBuildFile; fileRef = FE67C4EA200BC2A200832688 /* Card.swift */; };
		FE67C4ED200BC5AA00832688 /* Set.swift in Sources */ = {isa = PBXBuildFile; fileRef = FE67C4EC200BC5AA00832688 /* Set.swift */; };
		FEBBD6F82016B76E007FFADC /* MainView.swift in Sources */ = {isa = PBXBuildFile; fileRef = FEBBD6F72016B76E007FFADC /* MainView.swift */; };
		FEE44EEB2011554E00639D08 /* Grid.swift in Sources */ = {isa = PBXBuildFile; fileRef = FEE44EEA2011554D00639D08 /* Grid.swift */; };
		FEE44EED201160A600639D08 /* CardView.swift in Sources */ = {isa = PBXBuildFile; fileRef = FEE44EEC201160A600639D08 /* CardView.swift */; };
/* End PBXBuildFile section */

/* Begin PBXFileReference section */
		FE67C4D4200B0B3200832688 /* Set.app */ = {isa = PBXFileReference; explicitFileType = wrapper.application; includeInIndex = 0; path = Set.app; sourceTree = BUILT_PRODUCTS_DIR; };
		FE67C4D7200B0B3200832688 /* AppDelegate.swift */ = {isa = PBXFileReference; lastKnownFileType = sourcecode.swift; path = AppDelegate.swift; sourceTree = "<group>"; };
		FE67C4D9200B0B3200832688 /* ViewController.swift */ = {isa = PBXFileReference; lastKnownFileType = sourcecode.swift; path = ViewController.swift; sourceTree = "<group>"; };
		FE67C4DC200B0B3200832688 /* Base */ = {isa = PBXFileReference; lastKnownFileType = file.storyboard; name = Base; path = Base.lproj/Main.storyboard; sourceTree = "<group>"; };
		FE67C4DE200B0B3200832688 /* Assets.xcassets */ = {isa = PBXFileReference; lastKnownFileType = folder.assetcatalog; path = Assets.xcassets; sourceTree = "<group>"; };
		FE67C4E1200B0B3200832688 /* Base */ = {isa = PBXFileReference; lastKnownFileType = file.storyboard; name = Base; path = Base.lproj/LaunchScreen.storyboard; sourceTree = "<group>"; };
		FE67C4E3200B0B3200832688 /* Info.plist */ = {isa = PBXFileReference; lastKnownFileType = text.plist.xml; path = Info.plist; sourceTree = "<group>"; };
		FE67C4EA200BC2A200832688 /* Card.swift */ = {isa = PBXFileReference; lastKnownFileType = sourcecode.swift; path = Card.swift; sourceTree = "<group>"; };
		FE67C4EC200BC5AA00832688 /* Set.swift */ = {isa = PBXFileReference; lastKnownFileType = sourcecode.swift; path = Set.swift; sourceTree = "<group>"; };
		FEBBD6F72016B76E007FFADC /* MainView.swift */ = {isa = PBXFileReference; fileEncoding = 4; lastKnownFileType = sourcecode.swift; path = MainView.swift; sourceTree = "<group>"; };
		FEE44EEA2011554D00639D08 /* Grid.swift */ = {isa = PBXFileReference; fileEncoding = 4; lastKnownFileType = sourcecode.swift; path = Grid.swift; sourceTree = "<group>"; };
		FEE44EEC201160A600639D08 /* CardView.swift */ = {isa = PBXFileReference; lastKnownFileType = sourcecode.swift; path = CardView.swift; sourceTree = "<group>"; };
/* End PBXFileReference section */

/* Begin PBXFrameworksBuildPhase section */
		FE67C4D1200B0B3200832688 /* Frameworks */ = {
			isa = PBXFrameworksBuildPhase;
			buildActionMask = 2147483647;
			files = (
			);
			runOnlyForDeploymentPostprocessing = 0;
		};
/* End PBXFrameworksBuildPhase section */

/* Begin PBXGroup section */
		FE67C4CB200B0B3200832688 = {
			isa = PBXGroup;
			children = (
				FE67C4D6200B0B3200832688 /* Set */,
				FE67C4D5200B0B3200832688 /* Products */,
			);
			sourceTree = "<group>";
		};
		FE67C4D5200B0B3200832688 /* Products */ = {
			isa = PBXGroup;
			children = (
				FE67C4D4200B0B3200832688 /* Set.app */,
			);
			name = Products;
			sourceTree = "<group>";
		};
		FE67C4D6200B0B3200832688 /* Set */ = {
			isa = PBXGroup;
			children = (
				FE67C4E9200B0B5B00832688 /* App Support */,
				FE67C4D9200B0B3200832688 /* ViewController.swift */,
				FEE44EEC201160A600639D08 /* CardView.swift */,
				FEBBD6F72016B76E007FFADC /* MainView.swift */,
				FE67C4EA200BC2A200832688 /* Card.swift */,
				FE67C4EC200BC5AA00832688 /* Set.swift */,
				FEE44EEA2011554D00639D08 /* Grid.swift */,
				FE67C4DB200B0B3200832688 /* Main.storyboard */,
				FE67C4E3200B0B3200832688 /* Info.plist */,
			);
			path = Set;
			sourceTree = "<group>";
		};
		FE67C4E9200B0B5B00832688 /* App Support */ = {
			isa = PBXGroup;
			children = (
				FE67C4D7200B0B3200832688 /* AppDelegate.swift */,
				FE67C4DE200B0B3200832688 /* Assets.xcassets */,
				FE67C4E0200B0B3200832688 /* LaunchScreen.storyboard */,
			);
			path = "App Support";
			sourceTree = "<group>";
		};
/* End PBXGroup section */

/* Begin PBXNativeTarget section */
		FE67C4D3200B0B3200832688 /* Set */ = {
			isa = PBXNativeTarget;
			buildConfigurationList = FE67C4E6200B0B3200832688 /* Build configuration list for PBXNativeTarget "Set" */;
			buildPhases = (
				FE67C4D0200B0B3200832688 /* Sources */,
				FE67C4D1200B0B3200832688 /* Frameworks */,
				FE67C4D2200B0B3200832688 /* Resources */,
			);
			buildRules = (
			);
			dependencies = (
			);
			name = Set;
			productName = Set;
			productReference = FE67C4D4200B0B3200832688 /* Set.app */;
			productType = "com.apple.product-type.application";
		};
/* End PBXNativeTarget section */

/* Begin PBXProject section */
		FE67C4CC200B0B3200832688 /* Project object */ = {
			isa = PBXProject;
			attributes = {
				LastSwiftUpdateCheck = 0920;
				LastUpgradeCheck = 0920;
				ORGANIZATIONNAME = "Cole Turner";
				TargetAttributes = {
					FE67C4D3200B0B3200832688 = {
						CreatedOnToolsVersion = 9.2;
						ProvisioningStyle = Automatic;
					};
				};
			};
			buildConfigurationList = FE67C4CF200B0B3200832688 /* Build configuration list for PBXProject "Set" */;
			compatibilityVersion = "Xcode 8.0";
			developmentRegion = en;
			hasScannedForEncodings = 0;
			knownRegions = (
				en,
				Base,
			);
			mainGroup = FE67C4CB200B0B3200832688;
			productRefGroup = FE67C4D5200B0B3200832688 /* Products */;
			projectDirPath = "";
			projectRoot = "";
			targets = (
				FE67C4D3200B0B3200832688 /* Set */,
			);
		};
/* End PBXProject section */

/* Begin PBXResourcesBuildPhase section */
		FE67C4D2200B0B3200832688 /* Resources */ = {
			isa = PBXResourcesBuildPhase;
			buildActionMask = 2147483647;
			files = (
				FE67C4E2200B0B3200832688 /* LaunchScreen.storyboard in Resources */,
				FE67C4DF200B0B3200832688 /* Assets.xcassets in Resources */,
				FE67C4DD200B0B3200832688 /* Main.storyboard in Resources */,
			);
			runOnlyForDeploymentPostprocessing = 0;
		};
/* End PBXResourcesBuildPhase section */

/* Begin PBXSourcesBuildPhase section */
		FE67C4D0200B0B3200832688 /* Sources */ = {
			isa = PBXSourcesBuildPhase;
			buildActionMask = 2147483647;
			files = (
				FE67C4ED200BC5AA00832688 /* Set.swift in Sources */,
				FEBBD6F82016B76E007FFADC /* MainView.swift in Sources */,
				FE67C4DA200B0B3200832688 /* ViewController.swift in Sources */,
				FE67C4EB200BC2A200832688 /* Card.swift in Sources */,
				FEE44EEB2011554E00639D08 /* Grid.swift in Sources */,
				FEE44EED201160A600639D08 /* CardView.swift in Sources */,
				FE67C4D8200B0B3200832688 /* AppDelegate.swift in Sources */,
			);
			runOnlyForDeploymentPostprocessing = 0;
		};
/* End PBXSourcesBuildPhase section */

/* Begin PBXVariantGroup section */
		FE67C4DB200B0B3200832688 /* Main.storyboard */ = {
			isa = PBXVariantGroup;
			children = (
				FE67C4DC200B0B3200832688 /* Base */,
			);
			name = Main.storyboard;
			sourceTree = "<group>";
		};
		FE67C4E0200B0B3200832688 /* LaunchScreen.storyboard */ = {
			isa = PBXVariantGroup;
			children = (
				FE67C4E1200B0B3200832688 /* Base */,
			);
			name = LaunchScreen.storyboard;
			sourceTree = "<group>";
		};
/* End PBXVariantGroup section */

/* Begin XCBuildConfiguration section */
		FE67C4E4200B0B3200832688 /* Debug */ = {
			isa = XCBuildConfiguration;
			buildSettings = {
				ALWAYS_SEARCH_USER_PATHS = NO;
				CLANG_ANALYZER_NONNULL = YES;
				CLANG_ANALYZER_NUMBER_OBJECT_CONVERSION = YES_AGGRESSIVE;
				CLANG_CXX_LANGUAGE_STANDARD = "gnu++14";
				CLANG_CXX_LIBRARY = "libc++";
				CLANG_ENABLE_MODULES = YES;
				CLANG_ENABLE_OBJC_ARC = YES;
				CLANG_WARN_BLOCK_CAPTURE_AUTORELEASING = YES;
				CLANG_WARN_BOOL_CONVERSION = YES;
				CLANG_WARN_COMMA = YES;
				CLANG_WARN_CONSTANT_CONVERSION = YES;
				CLANG_WARN_DIRECT_OBJC_ISA_USAGE = YES_ERROR;
				CLANG_WARN_DOCUMENTATION_COMMENTS = YES;
				CLANG_WARN_EMPTY_BODY = YES;
				CLANG_WARN_ENUM_CONVERSION = YES;
				CLANG_WARN_INFINITE_RECURSION = YES;
				CLANG_WARN_INT_CONVERSION = YES;
				CLANG_WARN_NON_LITERAL_NULL_CONVERSION = YES;
				CLANG_WARN_OBJC_LITERAL_CONVERSION = YES;
				CLANG_WARN_OBJC_ROOT_CLASS = YES_ERROR;
				CLANG_WARN_RANGE_LOOP_ANALYSIS = YES;
				CLANG_WARN_STRICT_PROTOTYPES = YES;
				CLANG_WARN_SUSPICIOUS_MOVE = YES;
				CLANG_WARN_UNGUARDED_AVAILABILITY = YES_AGGRESSIVE;
				CLANG_WARN_UNREACHABLE_CODE = YES;
				CLANG_WARN__DUPLICATE_METHOD_MATCH = YES;
				CODE_SIGN_IDENTITY = "iPhone Developer";
				COPY_PHASE_STRIP = NO;
				DEBUG_INFORMATION_FORMAT = dwarf;
				ENABLE_STRICT_OBJC_MSGSEND = YES;
				ENABLE_TESTABILITY = YES;
				GCC_C_LANGUAGE_STANDARD = gnu11;
				GCC_DYNAMIC_NO_PIC = NO;
				GCC_NO_COMMON_BLOCKS = YES;
				GCC_OPTIMIZATION_LEVEL = 0;
				GCC_PREPROCESSOR_DEFINITIONS = (
					"DEBUG=1",
					"$(inherited)",
				);
				GCC_WARN_64_TO_32_BIT_CONVERSION = YES;
				GCC_WARN_ABOUT_RETURN_TYPE = YES_ERROR;
				GCC_WARN_UNDECLARED_SELECTOR = YES;
				GCC_WARN_UNINITIALIZED_AUTOS = YES_AGGRESSIVE;
				GCC_WARN_UNUSED_FUNCTION = YES;
				GCC_WARN_UNUSED_VARIABLE = YES;
				IPHONEOS_DEPLOYMENT_TARGET = 11.2;
				MTL_ENABLE_DEBUG_INFO = YES;
				ONLY_ACTIVE_ARCH = YES;
				SDKROOT = iphoneos;
				SWIFT_ACTIVE_COMPILATION_CONDITIONS = DEBUG;
				SWIFT_OPTIMIZATION_LEVEL = "-Onone";
			};
			name = Debug;
		};
		FE67C4E5200B0B3200832688 /* Release */ = {
			isa = XCBuildConfiguration;
			buildSettings = {
				ALWAYS_SEARCH_USER_PATHS = NO;
				CLANG_ANALYZER_NONNULL = YES;
				CLANG_ANALYZER_NUMBER_OBJECT_CONVERSION = YES_AGGRESSIVE;
				CLANG_CXX_LANGUAGE_STANDARD = "gnu++14";
				CLANG_CXX_LIBRARY = "libc++";
				CLANG_ENABLE_MODULES = YES;
				CLANG_ENABLE_OBJC_ARC = YES;
				CLANG_WARN_BLOCK_CAPTURE_AUTORELEASING = YES;
				CLANG_WARN_BOOL_CONVERSION = YES;
				CLANG_WARN_COMMA = YES;
				CLANG_WARN_CONSTANT_CONVERSION = YES;
				CLANG_WARN_DIRECT_OBJC_ISA_USAGE = YES_ERROR;
				CLANG_WARN_DOCUMENTATION_COMMENTS = YES;
				CLANG_WARN_EMPTY_BODY = YES;
				CLANG_WARN_ENUM_CONVERSION = YES;
				CLANG_WARN_INFINITE_RECURSION = YES;
				CLANG_WARN_INT_CONVERSION = YES;
				CLANG_WARN_NON_LITERAL_NULL_CONVERSION = YES;
				CLANG_WARN_OBJC_LITERAL_CONVERSION = YES;
				CLANG_WARN_OBJC_ROOT_CLASS = YES_ERROR;
				CLANG_WARN_RANGE_LOOP_ANALYSIS = YES;
				CLANG_WARN_STRICT_PROTOTYPES = YES;
				CLANG_WARN_SUSPICIOUS_MOVE = YES;
				CLANG_WARN_UNGUARDED_AVAILABILITY = YES_AGGRESSIVE;
				CLANG_WARN_UNREACHABLE_CODE = YES;
				CLANG_WARN__DUPLICATE_METHOD_MATCH = YES;
				CODE_SIGN_IDENTITY = "iPhone Developer";
				COPY_PHASE_STRIP = NO;
				DEBUG_INFORMATION_FORMAT = "dwarf-with-dsym";
				ENABLE_NS_ASSERTIONS = NO;
				ENABLE_STRICT_OBJC_MSGSEND = YES;
				GCC_C_LANGUAGE_STANDARD = gnu11;
				GCC_NO_COMMON_BLOCKS = YES;
				GCC_WARN_64_TO_32_BIT_CONVERSION = YES;
				GCC_WARN_ABOUT_RETURN_TYPE = YES_ERROR;
				GCC_WARN_UNDECLARED_SELECTOR = YES;
				GCC_WARN_UNINITIALIZED_AUTOS = YES_AGGRESSIVE;
				GCC_WARN_UNUSED_FUNCTION = YES;
				GCC_WARN_UNUSED_VARIABLE = YES;
				IPHONEOS_DEPLOYMENT_TARGET = 11.2;
				MTL_ENABLE_DEBUG_INFO = NO;
				SDKROOT = iphoneos;
				SWIFT_OPTIMIZATION_LEVEL = "-Owholemodule";
				VALIDATE_PRODUCT = YES;
			};
			name = Release;
		};
		FE67C4E7200B0B3200832688 /* Debug */ = {
			isa = XCBuildConfiguration;
			buildSettings = {
				ASSETCATALOG_COMPILER_APPICON_NAME = AppIcon;
				CODE_SIGN_STYLE = Automatic;
				DEVELOPMENT_TEAM = 9525UTK57Q;
				INFOPLIST_FILE = Set/Info.plist;
				IPHONEOS_DEPLOYMENT_TARGET = 11.0;
				LD_RUNPATH_SEARCH_PATHS = "$(inherited) @executable_path/Frameworks";
				PRODUCT_BUNDLE_IDENTIFIER = com.coleturner.Set;
				PRODUCT_NAME = "$(TARGET_NAME)";
				SWIFT_VERSION = 4.0;
				TARGETED_DEVICE_FAMILY = "1,2";
			};
			name = Debug;
		};
		FE67C4E8200B0B3200832688 /* Release */ = {
			isa = XCBuildConfiguration;
			buildSettings = {
				ASSETCATALOG_COMPILER_APPICON_NAME = AppIcon;
				CODE_SIGN_STYLE = Automatic;
				DEVELOPMENT_TEAM = 9525UTK57Q;
				INFOPLIST_FILE = Set/Info.plist;
				IPHONEOS_DEPLOYMENT_TARGET = 11.0;
				LD_RUNPATH_SEARCH_PATHS = "$(inherited) @executable_path/Frameworks";
				PRODUCT_BUNDLE_IDENTIFIER = com.coleturner.Set;
				PRODUCT_NAME = "$(TARGET_NAME)";
				SWIFT_VERSION = 4.0;
				TARGETED_DEVICE_FAMILY = "1,2";
			};
			name = Release;
		};
/* End XCBuildConfiguration section */

/* Begin XCConfigurationList section */
		FE67C4CF200B0B3200832688 /* Build configuration list for PBXProject "Set" */ = {
			isa = XCConfigurationList;
			buildConfigurations = (
				FE67C4E4200B0B3200832688 /* Debug */,
				FE67C4E5200B0B3200832688 /* Release */,
			);
			defaultConfigurationIsVisible = 0;
			defaultConfigurationName = Release;
		};
		FE67C4E6200B0B3200832688 /* Build configuration list for PBXNativeTarget "Set" */ = {
			isa = XCConfigurationList;
			buildConfigurations = (
				FE67C4E7200B0B3200832688 /* Debug */,
				FE67C4E8200B0B3200832688 /* Release */,
			);
			defaultConfigurationIsVisible = 0;
			defaultConfigurationName = Release;
		};
/* End XCConfigurationList section */
	};
	rootObject = FE67C4CC200B0B3200832688 /* Project object */;
}
